
Microsoft Visual Studio Solution File, Format Version 12.00
# Visual Studio 15
VisualStudioVersion = 15.0.27130.2036
MinimumVisualStudioVersion = 10.0.40219.1
Project("{FAE04EC0-301F-11D3-BF4B-00C04F79EFBC}") = "DataTypeExamples", "DataTypeExamples\DataTypeExamples.csproj", "{2B00C155-05B9-4720-A24E-F4E15BC944EC}"
EndProject
Global
	GlobalSection(SolutionConfigurationPlatforms) = preSolution
		Debug|Any CPU = Debug|Any CPU
		Release|Any CPU = Release|Any CPU
	EndGlobalSection
	GlobalSection(ProjectConfigurationPlatforms) = postSolution
		{2B00C155-05B9-4720-A24E-F4E15BC944EC}.Debug|Any CPU.ActiveCfg = Debug|Any CPU
		{2B00C155-05B9-4720-A24E-F4E15BC944EC}.Debug|Any CPU.Build.0 = Debug|Any CPU
		{2B00C155-05B9-4720-A24E-F4E15BC944EC}.Release|Any CPU.ActiveCfg = Release|Any CPU
		{2B00C155-05B9-4720-A24E-F4E15BC944EC}.Release|Any CPU.Build.0 = Release|Any CPU
	EndGlobalSection
	GlobalSection(SolutionProperties) = preSolution
		HideSolutionNode = FALSE
	EndGlobalSection
	GlobalSection(ExtensibilityGlobals) = postSolution
		SolutionGuid = {CF926D7E-5D10-4A78-9421-04D9852E3EF2}
	EndGlobalSection
EndGlobal
